// !$*UTF8*$!
{
	archiveVersion = 1;
	classes = {
	};
	objectVersion = 46;
	objects = {

/* Begin PBXBuildFile section */
		0C660A231FEA39E7000BD9A5 /* CustomTestCell.m in Sources */ = {isa = PBXBuildFile; fileRef = 0C660A211FEA39E7000BD9A5 /* CustomTestCell.m */; };
		0C660A241FEA39E7000BD9A5 /* CustomTestCell.xib in Resources */ = {isa = PBXBuildFile; fileRef = 0C660A221FEA39E7000BD9A5 /* CustomTestCell.xib */; };
		0C8A9ACF1EC555BE002F22E1 /* YBPopupMenuPath.m in Sources */ = {isa = PBXBuildFile; fileRef = 0C8A9ACC1EC555BE002F22E1 /* YBPopupMenuPath.m */; };
		0C8A9AD01EC555BE002F22E1 /* YBRectConst.m in Sources */ = {isa = PBXBuildFile; fileRef = 0C8A9ACE1EC555BE002F22E1 /* YBRectConst.m */; };
		0C8E6EC21DD1A893009EEF02 /* main.m in Sources */ = {isa = PBXBuildFile; fileRef = 0C8E6EC11DD1A893009EEF02 /* main.m */; };
		0C8E6EC51DD1A893009EEF02 /* AppDelegate.m in Sources */ = {isa = PBXBuildFile; fileRef = 0C8E6EC41DD1A893009EEF02 /* AppDelegate.m */; };
		0C8E6EC81DD1A893009EEF02 /* ViewController.m in Sources */ = {isa = PBXBuildFile; fileRef = 0C8E6EC71DD1A893009EEF02 /* ViewController.m */; };
		0C8E6ECB1DD1A893009EEF02 /* Main.storyboard in Resources */ = {isa = PBXBuildFile; fileRef = 0C8E6EC91DD1A893009EEF02 /* Main.storyboard */; };
		0C8E6ECD1DD1A893009EEF02 /* Assets.xcassets in Resources */ = {isa = PBXBuildFile; fileRef = 0C8E6ECC1DD1A893009EEF02 /* Assets.xcassets */; };
		0C8E6ED01DD1A893009EEF02 /* LaunchScreen.storyboard in Resources */ = {isa = PBXBuildFile; fileRef = 0C8E6ECE1DD1A893009EEF02 /* LaunchScreen.storyboard */; };
		0C8E6EDB1DD1A893009EEF02 /* YBPopupMenuDemoUITests.m in Sources */ = {isa = PBXBuildFile; fileRef = 0C8E6EDA1DD1A893009EEF02 /* YBPopupMenuDemoUITests.m */; };
		0C8E6EE81DD1A8CF009EEF02 /* YBPopupMenu.m in Sources */ = {isa = PBXBuildFile; fileRef = 0C8E6EE71DD1A8CF009EEF02 /* YBPopupMenu.m */; };
		4AD7633C23D42170006AEBE5 /* YBPopupMenuDeviceOrientationManager.m in Sources */ = {isa = PBXBuildFile; fileRef = 4AD7633B23D42170006AEBE5 /* YBPopupMenuDeviceOrientationManager.m */; };
		4AD7634223D46E77006AEBE5 /* YBPopupMenuAnimationManager.m in Sources */ = {isa = PBXBuildFile; fileRef = 4AD7634123D46E77006AEBE5 /* YBPopupMenuAnimationManager.m */; };
/* End PBXBuildFile section */

/* Begin PBXContainerItemProxy section */
		0C8E6ED71DD1A893009EEF02 /* PBXContainerItemProxy */ = {
			isa = PBXContainerItemProxy;
			containerPortal = 0C8E6EB51DD1A893009EEF02 /* Project object */;
			proxyType = 1;
			remoteGlobalIDString = 0C8E6EBC1DD1A893009EEF02;
			remoteInfo = YBPopupMenuDemo;
		};
/* End PBXContainerItemProxy section */

/* Begin PBXFileReference section */
		0C660A201FEA39E7000BD9A5 /* CustomTestCell.h */ = {isa = PBXFileReference; lastKnownFileType = sourcecode.c.h; path = CustomTestCell.h; sourceTree = "<group>"; };
		0C660A211FEA39E7000BD9A5 /* CustomTestCell.m */ = {isa = PBXFileReference; lastKnownFileType = sourcecode.c.objc; path = CustomTestCell.m; sourceTree = "<group>"; };
		0C660A221FEA39E7000BD9A5 /* CustomTestCell.xib */ = {isa = PBXFileReference; lastKnownFileType = file.xib; path = CustomTestCell.xib; sourceTree = "<group>"; };
		0C8A9ACB1EC555BE002F22E1 /* YBPopupMenuPath.h */ = {isa = PBXFileReference; fileEncoding = 4; lastKnownFileType = sourcecode.c.h; path = YBPopupMenuPath.h; sourceTree = "<group>"; };
		0C8A9ACC1EC555BE002F22E1 /* YBPopupMenuPath.m */ = {isa = PBXFileReference; fileEncoding = 4; lastKnownFileType = sourcecode.c.objc; path = YBPopupMenuPath.m; sourceTree = "<group>"; };
		0C8A9ACD1EC555BE002F22E1 /* YBRectConst.h */ = {isa = PBXFileReference; fileEncoding = 4; lastKnownFileType = sourcecode.c.h; path = YBRectConst.h; sourceTree = "<group>"; };
		0C8A9ACE1EC555BE002F22E1 /* YBRectConst.m */ = {isa = PBXFileReference; fileEncoding = 4; lastKnownFileType = sourcecode.c.objc; path = YBRectConst.m; sourceTree = "<group>"; };
		0C8E6EBD1DD1A893009EEF02 /* YBPopupMenuDemo.app */ = {isa = PBXFileReference; explicitFileType = wrapper.application; includeInIndex = 0; path = YBPopupMenuDemo.app; sourceTree = BUILT_PRODUCTS_DIR; };
		0C8E6EC11DD1A893009EEF02 /* main.m */ = {isa = PBXFileReference; lastKnownFileType = sourcecode.c.objc; path = main.m; sourceTree = "<group>"; };
		0C8E6EC31DD1A893009EEF02 /* AppDelegate.h */ = {isa = PBXFileReference; lastKnownFileType = sourcecode.c.h; path = AppDelegate.h; sourceTree = "<group>"; };
		0C8E6EC41DD1A893009EEF02 /* AppDelegate.m */ = {isa = PBXFileReference; lastKnownFileType = sourcecode.c.objc; path = AppDelegate.m; sourceTree = "<group>"; };
		0C8E6EC61DD1A893009EEF02 /* ViewController.h */ = {isa = PBXFileReference; lastKnownFileType = sourcecode.c.h; path = ViewController.h; sourceTree = "<group>"; };
		0C8E6EC71DD1A893009EEF02 /* ViewController.m */ = {isa = PBXFileReference; lastKnownFileType = sourcecode.c.objc; path = ViewController.m; sourceTree = "<group>"; };
		0C8E6ECA1DD1A893009EEF02 /* Base */ = {isa = PBXFileReference; lastKnownFileType = file.storyboard; name = Base; path = Base.lproj/Main.storyboard; sourceTree = "<group>"; };
		0C8E6ECC1DD1A893009EEF02 /* Assets.xcassets */ = {isa = PBXFileReference; lastKnownFileType = folder.assetcatalog; path = Assets.xcassets; sourceTree = "<group>"; };
		0C8E6ECF1DD1A893009EEF02 /* Base */ = {isa = PBXFileReference; lastKnownFileType = file.storyboard; name = Base; path = Base.lproj/LaunchScreen.storyboard; sourceTree = "<group>"; };
		0C8E6ED11DD1A893009EEF02 /* Info.plist */ = {isa = PBXFileReference; lastKnownFileType = text.plist.xml; path = Info.plist; sourceTree = "<group>"; };
		0C8E6ED61DD1A893009EEF02 /* YBPopupMenuDemoUITests.xctest */ = {isa = PBXFileReference; explicitFileType = wrapper.cfbundle; includeInIndex = 0; path = YBPopupMenuDemoUITests.xctest; sourceTree = BUILT_PRODUCTS_DIR; };
		0C8E6EDA1DD1A893009EEF02 /* YBPopupMenuDemoUITests.m */ = {isa = PBXFileReference; lastKnownFileType = sourcecode.c.objc; path = YBPopupMenuDemoUITests.m; sourceTree = "<group>"; };
		0C8E6EDC1DD1A893009EEF02 /* Info.plist */ = {isa = PBXFileReference; lastKnownFileType = text.plist.xml; path = Info.plist; sourceTree = "<group>"; };
		0C8E6EE61DD1A8CF009EEF02 /* YBPopupMenu.h */ = {isa = PBXFileReference; fileEncoding = 4; lastKnownFileType = sourcecode.c.h; path = YBPopupMenu.h; sourceTree = "<group>"; };
		0C8E6EE71DD1A8CF009EEF02 /* YBPopupMenu.m */ = {isa = PBXFileReference; fileEncoding = 4; lastKnownFileType = sourcecode.c.objc; path = YBPopupMenu.m; sourceTree = "<group>"; };
		4AD7633A23D42170006AEBE5 /* YBPopupMenuDeviceOrientationManager.h */ = {isa = PBXFileReference; lastKnownFileType = sourcecode.c.h; path = YBPopupMenuDeviceOrientationManager.h; sourceTree = "<group>"; };
		4AD7633B23D42170006AEBE5 /* YBPopupMenuDeviceOrientationManager.m */ = {isa = PBXFileReference; lastKnownFileType = sourcecode.c.objc; path = YBPopupMenuDeviceOrientationManager.m; sourceTree = "<group>"; };
		4AD7634023D46E77006AEBE5 /* YBPopupMenuAnimationManager.h */ = {isa = PBXFileReference; lastKnownFileType = sourcecode.c.h; path = YBPopupMenuAnimationManager.h; sourceTree = "<group>"; };
		4AD7634123D46E77006AEBE5 /* YBPopupMenuAnimationManager.m */ = {isa = PBXFileReference; lastKnownFileType = sourcecode.c.objc; path = YBPopupMenuAnimationManager.m; sourceTree = "<group>"; };
/* End PBXFileReference section */

/* Begin PBXFrameworksBuildPhase section */
		0C8E6EBA1DD1A893009EEF02 /* Frameworks */ = {
			isa = PBXFrameworksBuildPhase;
			buildActionMask = 2147483647;
			files = (
			);
			runOnlyForDeploymentPostprocessing = 0;
		};
		0C8E6ED31DD1A893009EEF02 /* Frameworks */ = {
			isa = PBXFrameworksBuildPhase;
			buildActionMask = 2147483647;
			files = (
			);
			runOnlyForDeploymentPostprocessing = 0;
		};
/* End PBXFrameworksBuildPhase section */

/* Begin PBXGroup section */
		0C8E6EB41DD1A893009EEF02 = {
			isa = PBXGroup;
			children = (
				0C8E6EBF1DD1A893009EEF02 /* YBPopupMenuDemo */,
				0C8E6ED91DD1A893009EEF02 /* YBPopupMenuDemoUITests */,
				0C8E6EBE1DD1A893009EEF02 /* Products */,
			);
			sourceTree = "<group>";
		};
		0C8E6EBE1DD1A893009EEF02 /* Products */ = {
			isa = PBXGroup;
			children = (
				0C8E6EBD1DD1A893009EEF02 /* YBPopupMenuDemo.app */,
				0C8E6ED61DD1A893009EEF02 /* YBPopupMenuDemoUITests.xctest */,
			);
			name = Products;
			sourceTree = "<group>";
		};
		0C8E6EBF1DD1A893009EEF02 /* YBPopupMenuDemo */ = {
			isa = PBXGroup;
			children = (
				0C8E6EE51DD1A8C7009EEF02 /* YBPopupMenu */,
				0C8E6EC31DD1A893009EEF02 /* AppDelegate.h */,
				0C8E6EC41DD1A893009EEF02 /* AppDelegate.m */,
				0C8E6EC61DD1A893009EEF02 /* ViewController.h */,
				0C8E6EC71DD1A893009EEF02 /* ViewController.m */,
				0C660A201FEA39E7000BD9A5 /* CustomTestCell.h */,
				0C660A211FEA39E7000BD9A5 /* CustomTestCell.m */,
				0C660A221FEA39E7000BD9A5 /* CustomTestCell.xib */,
				0C8E6EC91DD1A893009EEF02 /* Main.storyboard */,
				0C8E6ECC1DD1A893009EEF02 /* Assets.xcassets */,
				0C8E6ECE1DD1A893009EEF02 /* LaunchScreen.storyboard */,
				0C8E6ED11DD1A893009EEF02 /* Info.plist */,
				0C8E6EC01DD1A893009EEF02 /* Supporting Files */,
			);
			path = YBPopupMenuDemo;
			sourceTree = "<group>";
		};
		0C8E6EC01DD1A893009EEF02 /* Supporting Files */ = {
			isa = PBXGroup;
			children = (
				0C8E6EC11DD1A893009EEF02 /* main.m */,
			);
			name = "Supporting Files";
			sourceTree = "<group>";
		};
		0C8E6ED91DD1A893009EEF02 /* YBPopupMenuDemoUITests */ = {
			isa = PBXGroup;
			children = (
				0C8E6EDA1DD1A893009EEF02 /* YBPopupMenuDemoUITests.m */,
				0C8E6EDC1DD1A893009EEF02 /* Info.plist */,
			);
			path = YBPopupMenuDemoUITests;
			sourceTree = "<group>";
		};
		0C8E6EE51DD1A8C7009EEF02 /* YBPopupMenu */ = {
			isa = PBXGroup;
			children = (
				0C8E6EE61DD1A8CF009EEF02 /* YBPopupMenu.h */,
				0C8E6EE71DD1A8CF009EEF02 /* YBPopupMenu.m */,
				0C8A9ACB1EC555BE002F22E1 /* YBPopupMenuPath.h */,
				0C8A9ACC1EC555BE002F22E1 /* YBPopupMenuPath.m */,
				0C8A9ACD1EC555BE002F22E1 /* YBRectConst.h */,
				0C8A9ACE1EC555BE002F22E1 /* YBRectConst.m */,
				4AD7633A23D42170006AEBE5 /* YBPopupMenuDeviceOrientationManager.h */,
				4AD7633B23D42170006AEBE5 /* YBPopupMenuDeviceOrientationManager.m */,
				4AD7634023D46E77006AEBE5 /* YBPopupMenuAnimationManager.h */,
				4AD7634123D46E77006AEBE5 /* YBPopupMenuAnimationManager.m */,
			);
			path = YBPopupMenu;
			sourceTree = "<group>";
		};
/* End PBXGroup section */

/* Begin PBXNativeTarget section */
		0C8E6EBC1DD1A893009EEF02 /* YBPopupMenuDemo */ = {
			isa = PBXNativeTarget;
			buildConfigurationList = 0C8E6EDF1DD1A893009EEF02 /* Build configuration list for PBXNativeTarget "YBPopupMenuDemo" */;
			buildPhases = (
				0C8E6EB91DD1A893009EEF02 /* Sources */,
				0C8E6EBA1DD1A893009EEF02 /* Frameworks */,
				0C8E6EBB1DD1A893009EEF02 /* Resources */,
			);
			buildRules = (
			);
			dependencies = (
			);
			name = YBPopupMenuDemo;
			productName = YBPopupMenuDemo;
			productReference = 0C8E6EBD1DD1A893009EEF02 /* YBPopupMenuDemo.app */;
			productType = "com.apple.product-type.application";
		};
		0C8E6ED51DD1A893009EEF02 /* YBPopupMenuDemoUITests */ = {
			isa = PBXNativeTarget;
			buildConfigurationList = 0C8E6EE21DD1A893009EEF02 /* Build configuration list for PBXNativeTarget "YBPopupMenuDemoUITests" */;
			buildPhases = (
				0C8E6ED21DD1A893009EEF02 /* Sources */,
				0C8E6ED31DD1A893009EEF02 /* Frameworks */,
				0C8E6ED41DD1A893009EEF02 /* Resources */,
			);
			buildRules = (
			);
			dependencies = (
				0C8E6ED81DD1A893009EEF02 /* PBXTargetDependency */,
			);
			name = YBPopupMenuDemoUITests;
			productName = YBPopupMenuDemoUITests;
			productReference = 0C8E6ED61DD1A893009EEF02 /* YBPopupMenuDemoUITests.xctest */;
			productType = "com.apple.product-type.bundle.ui-testing";
		};
/* End PBXNativeTarget section */

/* Begin PBXProject section */
		0C8E6EB51DD1A893009EEF02 /* Project object */ = {
			isa = PBXProject;
			attributes = {
				LastUpgradeCheck = 0800;
				ORGANIZATIONNAME = LYB;
				TargetAttributes = {
					0C8E6EBC1DD1A893009EEF02 = {
						CreatedOnToolsVersion = 8.0;
						DevelopmentTeam = 76NVUL9XC6;
						ProvisioningStyle = Automatic;
					};
					0C8E6ED51DD1A893009EEF02 = {
						CreatedOnToolsVersion = 8.0;
						DevelopmentTeam = 76NVUL9XC6;
						ProvisioningStyle = Automatic;
						TestTargetID = 0C8E6EBC1DD1A893009EEF02;
					};
				};
			};
			buildConfigurationList = 0C8E6EB81DD1A893009EEF02 /* Build configuration list for PBXProject "YBPopupMenuDemo" */;
			compatibilityVersion = "Xcode 3.2";
			developmentRegion = English;
			hasScannedForEncodings = 0;
			knownRegions = (
				English,
				en,
				Base,
			);
			mainGroup = 0C8E6EB41DD1A893009EEF02;
			productRefGroup = 0C8E6EBE1DD1A893009EEF02 /* Products */;
			projectDirPath = "";
			projectRoot = "";
			targets = (
				0C8E6EBC1DD1A893009EEF02 /* YBPopupMenuDemo */,
				0C8E6ED51DD1A893009EEF02 /* YBPopupMenuDemoUITests */,
			);
		};
/* End PBXProject section */

/* Begin PBXResourcesBuildPhase section */
		0C8E6EBB1DD1A893009EEF02 /* Resources */ = {
			isa = PBXResourcesBuildPhase;
			buildActionMask = 2147483647;
			files = (
				0C8E6ED01DD1A893009EEF02 /* LaunchScreen.storyboard in Resources */,
				0C8E6ECD1DD1A893009EEF02 /* Assets.xcassets in Resources */,
				0C660A241FEA39E7000BD9A5 /* CustomTestCell.xib in Resources */,
				0C8E6ECB1DD1A893009EEF02 /* Main.storyboard in Resources */,
			);
			runOnlyForDeploymentPostprocessing = 0;
		};
		0C8E6ED41DD1A893009EEF02 /* Resources */ = {
			isa = PBXResourcesBuildPhase;
			buildActionMask = 2147483647;
			files = (
			);
			runOnlyForDeploymentPostprocessing = 0;
		};
/* End PBXResourcesBuildPhase section */

/* Begin PBXSourcesBuildPhase section */
		0C8E6EB91DD1A893009EEF02 /* Sources */ = {
			isa = PBXSourcesBuildPhase;
			buildActionMask = 2147483647;
			files = (
				0C8E6EE81DD1A8CF009EEF02 /* YBPopupMenu.m in Sources */,
				0C8A9ACF1EC555BE002F22E1 /* YBPopupMenuPath.m in Sources */,
				0C660A231FEA39E7000BD9A5 /* CustomTestCell.m in Sources */,
				4AD7633C23D42170006AEBE5 /* YBPopupMenuDeviceOrientationManager.m in Sources */,
				0C8A9AD01EC555BE002F22E1 /* YBRectConst.m in Sources */,
				4AD7634223D46E77006AEBE5 /* YBPopupMenuAnimationManager.m in Sources */,
				0C8E6EC81DD1A893009EEF02 /* ViewController.m in Sources */,
				0C8E6EC51DD1A893009EEF02 /* AppDelegate.m in Sources */,
				0C8E6EC21DD1A893009EEF02 /* main.m in Sources */,
			);
			runOnlyForDeploymentPostprocessing = 0;
		};
		0C8E6ED21DD1A893009EEF02 /* Sources */ = {
			isa = PBXSourcesBuildPhase;
			buildActionMask = 2147483647;
			files = (
				0C8E6EDB1DD1A893009EEF02 /* YBPopupMenuDemoUITests.m in Sources */,
			);
			runOnlyForDeploymentPostprocessing = 0;
		};
/* End PBXSourcesBuildPhase section */

/* Begin PBXTargetDependency section */
		0C8E6ED81DD1A893009EEF02 /* PBXTargetDependency */ = {
			isa = PBXTargetDependency;
			target = 0C8E6EBC1DD1A893009EEF02 /* YBPopupMenuDemo */;
			targetProxy = 0C8E6ED71DD1A893009EEF02 /* PBXContainerItemProxy */;
		};
/* End PBXTargetDependency section */

/* Begin PBXVariantGroup section */
		0C8E6EC91DD1A893009EEF02 /* Main.storyboard */ = {
			isa = PBXVariantGroup;
			children = (
				0C8E6ECA1DD1A893009EEF02 /* Base */,
			);
			name = Main.storyboard;
			sourceTree = "<group>";
		};
		0C8E6ECE1DD1A893009EEF02 /* LaunchScreen.storyboard */ = {
			isa = PBXVariantGroup;
			children = (
				0C8E6ECF1DD1A893009EEF02 /* Base */,
			);
			name = LaunchScreen.storyboard;
			sourceTree = "<group>";
		};
/* End PBXVariantGroup section */

/* Begin XCBuildConfiguration section */
		0C8E6EDD1DD1A893009EEF02 /* Debug */ = {
			isa = XCBuildConfiguration;
			buildSettings = {
				ALWAYS_SEARCH_USER_PATHS = NO;
				CLANG_ANALYZER_NONNULL = YES;
				CLANG_CXX_LANGUAGE_STANDARD = "gnu++0x";
				CLANG_CXX_LIBRARY = "libc++";
				CLANG_ENABLE_MODULES = YES;
				CLANG_ENABLE_OBJC_ARC = YES;
				CLANG_WARN_BOOL_CONVERSION = YES;
				CLANG_WARN_CONSTANT_CONVERSION = YES;
				CLANG_WARN_DIRECT_OBJC_ISA_USAGE = YES_ERROR;
				CLANG_WARN_DOCUMENTATION_COMMENTS = YES;
				CLANG_WARN_EMPTY_BODY = YES;
				CLANG_WARN_ENUM_CONVERSION = YES;
				CLANG_WARN_INFINITE_RECURSION = YES;
				CLANG_WARN_INT_CONVERSION = YES;
				CLANG_WARN_OBJC_ROOT_CLASS = YES_ERROR;
				CLANG_WARN_SUSPICIOUS_MOVES = YES;
				CLANG_WARN_UNREACHABLE_CODE = YES;
				CLANG_WARN__DUPLICATE_METHOD_MATCH = YES;
				"CODE_SIGN_IDENTITY[sdk=iphoneos*]" = "iPhone Developer";
				COPY_PHASE_STRIP = NO;
				DEBUG_INFORMATION_FORMAT = dwarf;
				ENABLE_STRICT_OBJC_MSGSEND = YES;
				ENABLE_TESTABILITY = YES;
				GCC_C_LANGUAGE_STANDARD = gnu99;
				GCC_DYNAMIC_NO_PIC = NO;
				GCC_NO_COMMON_BLOCKS = YES;
				GCC_OPTIMIZATION_LEVEL = 0;
				GCC_PREPROCESSOR_DEFINITIONS = (
					"DEBUG=1",
					"$(inherited)",
				);
				GCC_WARN_64_TO_32_BIT_CONVERSION = YES;
				GCC_WARN_ABOUT_RETURN_TYPE = YES_ERROR;
				GCC_WARN_UNDECLARED_SELECTOR = YES;
				GCC_WARN_UNINITIALIZED_AUTOS = YES_AGGRESSIVE;
				GCC_WARN_UNUSED_FUNCTION = YES;
				GCC_WARN_UNUSED_VARIABLE = YES;
				IPHONEOS_DEPLOYMENT_TARGET = 10.0;
				MTL_ENABLE_DEBUG_INFO = YES;
				ONLY_ACTIVE_ARCH = YES;
				SDKROOT = iphoneos;
			};
			name = Debug;
		};
		0C8E6EDE1DD1A893009EEF02 /* Release */ = {
			isa = XCBuildConfiguration;
			buildSettings = {
				ALWAYS_SEARCH_USER_PATHS = NO;
				CLANG_ANALYZER_NONNULL = YES;
				CLANG_CXX_LANGUAGE_STANDARD = "gnu++0x";
				CLANG_CXX_LIBRARY = "libc++";
				CLANG_ENABLE_MODULES = YES;
				CLANG_ENABLE_OBJC_ARC = YES;
				CLANG_WARN_BOOL_CONVERSION = YES;
				CLANG_WARN_CONSTANT_CONVERSION = YES;
				CLANG_WARN_DIRECT_OBJC_ISA_USAGE = YES_ERROR;
				CLANG_WARN_DOCUMENTATION_COMMENTS = YES;
				CLANG_WARN_EMPTY_BODY = YES;
				CLANG_WARN_ENUM_CONVERSION = YES;
				CLANG_WARN_INFINITE_RECURSION = YES;
				CLANG_WARN_INT_CONVERSION = YES;
				CLANG_WARN_OBJC_ROOT_CLASS = YES_ERROR;
				CLANG_WARN_SUSPICIOUS_MOVES = YES;
				CLANG_WARN_UNREACHABLE_CODE = YES;
				CLANG_WARN__DUPLICATE_METHOD_MATCH = YES;
				"CODE_SIGN_IDENTITY[sdk=iphoneos*]" = "iPhone Developer";
				COPY_PHASE_STRIP = NO;
				DEBUG_INFORMATION_FORMAT = "dwarf-with-dsym";
				ENABLE_NS_ASSERTIONS = NO;
				ENABLE_STRICT_OBJC_MSGSEND = YES;
				GCC_C_LANGUAGE_STANDARD = gnu99;
				GCC_NO_COMMON_BLOCKS = YES;
				GCC_WARN_64_TO_32_BIT_CONVERSION = YES;
				GCC_WARN_ABOUT_RETURN_TYPE = YES_ERROR;
				GCC_WARN_UNDECLARED_SELECTOR = YES;
				GCC_WARN_UNINITIALIZED_AUTOS = YES_AGGRESSIVE;
				GCC_WARN_UNUSED_FUNCTION = YES;
				GCC_WARN_UNUSED_VARIABLE = YES;
				IPHONEOS_DEPLOYMENT_TARGET = 10.0;
				MTL_ENABLE_DEBUG_INFO = NO;
				SDKROOT = iphoneos;
				VALIDATE_PRODUCT = YES;
			};
			name = Release;
		};
		0C8E6EE01DD1A893009EEF02 /* Debug */ = {
			isa = XCBuildConfiguration;
			buildSettings = {
				ASSETCATALOG_COMPILER_APPICON_NAME = AppIcon;
				DEVELOPMENT_TEAM = 76NVUL9XC6;
				INFOPLIST_FILE = YBPopupMenuDemo/Info.plist;
				IPHONEOS_DEPLOYMENT_TARGET = 8.0;
				LD_RUNPATH_SEARCH_PATHS = "$(inherited) @executable_path/Frameworks";
				PRODUCT_BUNDLE_IDENTIFIER = com.leeCode.YBPopupMenuDemo;
				PRODUCT_NAME = "$(TARGET_NAME)";
			};
			name = Debug;
		};
		0C8E6EE11DD1A893009EEF02 /* Release */ = {
			isa = XCBuildConfiguration;
			buildSettings = {
				ASSETCATALOG_COMPILER_APPICON_NAME = AppIcon;
				DEVELOPMENT_TEAM = 76NVUL9XC6;
				INFOPLIST_FILE = YBPopupMenuDemo/Info.plist;
				IPHONEOS_DEPLOYMENT_TARGET = 8.0;
				LD_RUNPATH_SEARCH_PATHS = "$(inherited) @executable_path/Frameworks";
				PRODUCT_BUNDLE_IDENTIFIER = com.leeCode.YBPopupMenuDemo;
				PRODUCT_NAME = "$(TARGET_NAME)";
			};
			name = Release;
		};
		0C8E6EE31DD1A893009EEF02 /* Debug */ = {
			isa = XCBuildConfiguration;
			buildSettings = {
				DEVELOPMENT_TEAM = 76NVUL9XC6;
				INFOPLIST_FILE = YBPopupMenuDemoUITests/Info.plist;
				LD_RUNPATH_SEARCH_PATHS = "$(inherited) @executable_path/Frameworks @loader_path/Frameworks";
				PRODUCT_BUNDLE_IDENTIFIER = com.Lee.YBPopupMenuDemoUITests;
				PRODUCT_NAME = "$(TARGET_NAME)";
				TEST_TARGET_NAME = YBPopupMenuDemo;
			};
			name = Debug;
		};
		0C8E6EE41DD1A893009EEF02 /* Release */ = {
			isa = XCBuildConfiguration;
			buildSettings = {
				DEVELOPMENT_TEAM = 76NVUL9XC6;
				INFOPLIST_FILE = YBPopupMenuDemoUITests/Info.plist;
				LD_RUNPATH_SEARCH_PATHS = "$(inherited) @executable_path/Frameworks @loader_path/Frameworks";
				PRODUCT_BUNDLE_IDENTIFIER = com.Lee.YBPopupMenuDemoUITests;
				PRODUCT_NAME = "$(TARGET_NAME)";
				TEST_TARGET_NAME = YBPopupMenuDemo;
			};
			name = Release;
		};
/* End XCBuildConfiguration section */

/* Begin XCConfigurationList section */
		0C8E6EB81DD1A893009EEF02 /* Build configuration list for PBXProject "YBPopupMenuDemo" */ = {
			isa = XCConfigurationList;
			buildConfigurations = (
				0C8E6EDD1DD1A893009EEF02 /* Debug */,
				0C8E6EDE1DD1A893009EEF02 /* Release */,
			);
			defaultConfigurationIsVisible = 0;
			defaultConfigurationName = Release;
		};
		0C8E6EDF1DD1A893009EEF02 /* Build configuration list for PBXNativeTarget "YBPopupMenuDemo" */ = {
			isa = XCConfigurationList;
			buildConfigurations = (
				0C8E6EE01DD1A893009EEF02 /* Debug */,
				0C8E6EE11DD1A893009EEF02 /* Release */,
			);
			defaultConfigurationIsVisible = 0;
			defaultConfigurationName = Release;
		};
		0C8E6EE21DD1A893009EEF02 /* Build configuration list for PBXNativeTarget "YBPopupMenuDemoUITests" */ = {
			isa = XCConfigurationList;
			buildConfigurations = (
				0C8E6EE31DD1A893009EEF02 /* Debug */,
				0C8E6EE41DD1A893009EEF02 /* Release */,
			);
			defaultConfigurationIsVisible = 0;
			defaultConfigurationName = Release;
		};
/* End XCConfigurationList section */
	};
	rootObject = 0C8E6EB51DD1A893009EEF02 /* Project object */;
}
